// !$*UTF8*$!
{
	archiveVersion = 1;
	classes = {
	};
	objectVersion = 50;
	objects = {

/* Begin PBXBuildFile section */
		8899E6E9266FBFAE00CF0765 /* AppDelegate.swift in Sources */ = {isa = PBXBuildFile; fileRef = 8899E6E8266FBFAE00CF0765 /* AppDelegate.swift */; };
		8899E6EB266FBFAE00CF0765 /* SceneDelegate.swift in Sources */ = {isa = PBXBuildFile; fileRef = 8899E6EA266FBFAE00CF0765 /* SceneDelegate.swift */; };
		8899E6ED266FBFAE00CF0765 /* ViewController.swift in Sources */ = {isa = PBXBuildFile; fileRef = 8899E6EC266FBFAE00CF0765 /* ViewController.swift */; };
		8899E6F0266FBFAE00CF0765 /* Main.storyboard in Resources */ = {isa = PBXBuildFile; fileRef = 8899E6EE266FBFAE00CF0765 /* Main.storyboard */; };
		8899E6F2266FBFB200CF0765 /* Assets.xcassets in Resources */ = {isa = PBXBuildFile; fileRef = 8899E6F1266FBFB200CF0765 /* Assets.xcassets */; };
		8899E6F5266FBFB200CF0765 /* LaunchScreen.storyboard in Resources */ = {isa = PBXBuildFile; fileRef = 8899E6F3266FBFB200CF0765 /* LaunchScreen.storyboard */; };
		8899E6FE266FC59900CF0765 /* SF-Pro-Rounded-Regular.ttf in Resources */ = {isa = PBXBuildFile; fileRef = 8899E6FD266FC59900CF0765 /* SF-Pro-Rounded-Regular.ttf */; };
		88A2326B26711F9800184A27 /* Home.xib in Resources */ = {isa = PBXBuildFile; fileRef = 88A2326326711F9800184A27 /* Home.xib */; };
		88A232892671531200184A27 /* HomeViewController.swift in Sources */ = {isa = PBXBuildFile; fileRef = 88A232882671531200184A27 /* HomeViewController.swift */; };
		88A2328D2671564900184A27 /* LocationService.swift in Sources */ = {isa = PBXBuildFile; fileRef = 88A2328C2671564900184A27 /* LocationService.swift */; };
/* End PBXBuildFile section */

/* Begin PBXFileReference section */
		8899E6E5266FBFAE00CF0765 /* WeatherApp.app */ = {isa = PBXFileReference; explicitFileType = wrapper.application; includeInIndex = 0; path = WeatherApp.app; sourceTree = BUILT_PRODUCTS_DIR; };
		8899E6E8266FBFAE00CF0765 /* AppDelegate.swift */ = {isa = PBXFileReference; lastKnownFileType = sourcecode.swift; path = AppDelegate.swift; sourceTree = "<group>"; };
		8899E6EA266FBFAE00CF0765 /* SceneDelegate.swift */ = {isa = PBXFileReference; lastKnownFileType = sourcecode.swift; path = SceneDelegate.swift; sourceTree = "<group>"; };
		8899E6EC266FBFAE00CF0765 /* ViewController.swift */ = {isa = PBXFileReference; lastKnownFileType = sourcecode.swift; path = ViewController.swift; sourceTree = "<group>"; };
		8899E6EF266FBFAE00CF0765 /* Base */ = {isa = PBXFileReference; lastKnownFileType = file.storyboard; name = Base; path = Base.lproj/Main.storyboard; sourceTree = "<group>"; };
		8899E6F1266FBFB200CF0765 /* Assets.xcassets */ = {isa = PBXFileReference; lastKnownFileType = folder.assetcatalog; path = Assets.xcassets; sourceTree = "<group>"; };
		8899E6F4266FBFB200CF0765 /* Base */ = {isa = PBXFileReference; lastKnownFileType = file.storyboard; name = Base; path = Base.lproj/LaunchScreen.storyboard; sourceTree = "<group>"; };
		8899E6F6266FBFB200CF0765 /* Info.plist */ = {isa = PBXFileReference; lastKnownFileType = text.plist.xml; path = Info.plist; sourceTree = "<group>"; };
		8899E6FD266FC59900CF0765 /* SF-Pro-Rounded-Regular.ttf */ = {isa = PBXFileReference; lastKnownFileType = file; name = "SF-Pro-Rounded-Regular.ttf"; path = "../../../../../Downloads/SF-Pro-Rounded-Regular.ttf"; sourceTree = "<group>"; };
		88A2326326711F9800184A27 /* Home.xib */ = {isa = PBXFileReference; lastKnownFileType = file.xib; path = Home.xib; sourceTree = "<group>"; };
		88A232882671531200184A27 /* HomeViewController.swift */ = {isa = PBXFileReference; lastKnownFileType = sourcecode.swift; path = HomeViewController.swift; sourceTree = "<group>"; };
		88A2328C2671564900184A27 /* LocationService.swift */ = {isa = PBXFileReference; lastKnownFileType = sourcecode.swift; path = LocationService.swift; sourceTree = "<group>"; };
/* End PBXFileReference section */

/* Begin PBXFrameworksBuildPhase section */
		8899E6E2266FBFAE00CF0765 /* Frameworks */ = {
			isa = PBXFrameworksBuildPhase;
			buildActionMask = 2147483647;
			files = (
			);
			runOnlyForDeploymentPostprocessing = 0;
		};
/* End PBXFrameworksBuildPhase section */

/* Begin PBXGroup section */
		881FCB472673B07C00FEE640 /* Assets */ = {
			isa = PBXGroup;
			children = (
				8899E6F1266FBFB200CF0765 /* Assets.xcassets */,
			);
			path = Assets;
			sourceTree = "<group>";
		};
		8899E6DC266FBFAD00CF0765 = {
			isa = PBXGroup;
			children = (
				8899E6E7266FBFAE00CF0765 /* WeatherApp */,
				8899E6E6266FBFAE00CF0765 /* Products */,
			);
			sourceTree = "<group>";
		};
		8899E6E6266FBFAE00CF0765 /* Products */ = {
			isa = PBXGroup;
			children = (
				8899E6E5266FBFAE00CF0765 /* WeatherApp.app */,
			);
			name = Products;
			sourceTree = "<group>";
		};
		8899E6E7266FBFAE00CF0765 /* WeatherApp */ = {
			isa = PBXGroup;
			children = (
				8899E6E8266FBFAE00CF0765 /* AppDelegate.swift */,
				88A2325926711E6200184A27 /* Service */,
				88A2325826711DC700184A27 /* Home */,
				8899E6EA266FBFAE00CF0765 /* SceneDelegate.swift */,
				8899E6EC266FBFAE00CF0765 /* ViewController.swift */,
				8899E6EE266FBFAE00CF0765 /* Main.storyboard */,
				881FCB472673B07C00FEE640 /* Assets */,
				8899E6F3266FBFB200CF0765 /* LaunchScreen.storyboard */,
				8899E6F6266FBFB200CF0765 /* Info.plist */,
				8899E6FC266FC4F700CF0765 /* Fonts */,
			);
			path = WeatherApp;
			sourceTree = "<group>";
		};
		8899E6FC266FC4F700CF0765 /* Fonts */ = {
			isa = PBXGroup;
			children = (
				8899E6FD266FC59900CF0765 /* SF-Pro-Rounded-Regular.ttf */,
			);
			path = Fonts;
			sourceTree = "<group>";
		};
		88A2325826711DC700184A27 /* Home */ = {
			isa = PBXGroup;
			children = (
				88A2328B2671534800184A27 /* Controller */,
				88A2328A2671533C00184A27 /* Model */,
				88A2325B26711F5000184A27 /* View */,
			);
			path = Home;
			sourceTree = "<group>";
		};
		88A2325926711E6200184A27 /* Service */ = {
			isa = PBXGroup;
			children = (
				88A2328C2671564900184A27 /* LocationService.swift */,
			);
			path = Service;
			sourceTree = "<group>";
		};
		88A2325B26711F5000184A27 /* View */ = {
			isa = PBXGroup;
			children = (
				88A2326326711F9800184A27 /* Home.xib */,
			);
			path = View;
			sourceTree = "<group>";
		};
		88A2328A2671533C00184A27 /* Model */ = {
			isa = PBXGroup;
			children = (
			);
			path = Model;
			sourceTree = "<group>";
		};
		88A2328B2671534800184A27 /* Controller */ = {
			isa = PBXGroup;
			children = (
				88A232882671531200184A27 /* HomeViewController.swift */,
			);
			path = Controller;
			sourceTree = "<group>";
		};
/* End PBXGroup section */

/* Begin PBXNativeTarget section */
		8899E6E4266FBFAE00CF0765 /* WeatherApp */ = {
			isa = PBXNativeTarget;
			buildConfigurationList = 8899E6F9266FBFB200CF0765 /* Build configuration list for PBXNativeTarget "WeatherApp" */;
			buildPhases = (
				8899E6E1266FBFAE00CF0765 /* Sources */,
				8899E6E2266FBFAE00CF0765 /* Frameworks */,
				8899E6E3266FBFAE00CF0765 /* Resources */,
			);
			buildRules = (
			);
			dependencies = (
			);
			name = WeatherApp;
			productName = WeatherApp;
			productReference = 8899E6E5266FBFAE00CF0765 /* WeatherApp.app */;
			productType = "com.apple.product-type.application";
		};
/* End PBXNativeTarget section */

/* Begin PBXProject section */
		8899E6DD266FBFAD00CF0765 /* Project object */ = {
			isa = PBXProject;
			attributes = {
				LastSwiftUpdateCheck = 1250;
				LastUpgradeCheck = 1250;
				TargetAttributes = {
					8899E6E4266FBFAE00CF0765 = {
						CreatedOnToolsVersion = 12.5;
					};
				};
			};
			buildConfigurationList = 8899E6E0266FBFAD00CF0765 /* Build configuration list for PBXProject "WeatherApp" */;
			compatibilityVersion = "Xcode 9.3";
			developmentRegion = en;
			hasScannedForEncodings = 0;
			knownRegions = (
				en,
				Base,
			);
			mainGroup = 8899E6DC266FBFAD00CF0765;
			productRefGroup = 8899E6E6266FBFAE00CF0765 /* Products */;
			projectDirPath = "";
			projectRoot = "";
			targets = (
				8899E6E4266FBFAE00CF0765 /* WeatherApp */,
			);
		};
/* End PBXProject section */

/* Begin PBXResourcesBuildPhase section */
		8899E6E3266FBFAE00CF0765 /* Resources */ = {
			isa = PBXResourcesBuildPhase;
			buildActionMask = 2147483647;
			files = (
				8899E6F5266FBFB200CF0765 /* LaunchScreen.storyboard in Resources */,
				88A2326B26711F9800184A27 /* Home.xib in Resources */,
				8899E6FE266FC59900CF0765 /* SF-Pro-Rounded-Regular.ttf in Resources */,
				8899E6F2266FBFB200CF0765 /* Assets.xcassets in Resources */,
				8899E6F0266FBFAE00CF0765 /* Main.storyboard in Resources */,
			);
			runOnlyForDeploymentPostprocessing = 0;
		};
/* End PBXResourcesBuildPhase section */

/* Begin PBXSourcesBuildPhase section */
		8899E6E1266FBFAE00CF0765 /* Sources */ = {
			isa = PBXSourcesBuildPhase;
			buildActionMask = 2147483647;
			files = (
				8899E6ED266FBFAE00CF0765 /* ViewController.swift in Sources */,
				8899E6E9266FBFAE00CF0765 /* AppDelegate.swift in Sources */,
				88A2328D2671564900184A27 /* LocationService.swift in Sources */,
				8899E6EB266FBFAE00CF0765 /* SceneDelegate.swift in Sources */,
				88A232892671531200184A27 /* HomeViewController.swift in Sources */,
			);
			runOnlyForDeploymentPostprocessing = 0;
		};
/* End PBXSourcesBuildPhase section */

/* Begin PBXVariantGroup section */
		8899E6EE266FBFAE00CF0765 /* Main.storyboard */ = {
			isa = PBXVariantGroup;
			children = (
				8899E6EF266FBFAE00CF0765 /* Base */,
			);
			name = Main.storyboard;
			sourceTree = "<group>";
		};
		8899E6F3266FBFB200CF0765 /* LaunchScreen.storyboard */ = {
			isa = PBXVariantGroup;
			children = (
				8899E6F4266FBFB200CF0765 /* Base */,
			);
			name = LaunchScreen.storyboard;
			sourceTree = "<group>";
		};
/* End PBXVariantGroup section */

/* Begin XCBuildConfiguration section */
		8899E6F7266FBFB200CF0765 /* Debug */ = {
			isa = XCBuildConfiguration;
			buildSettings = {
				ALWAYS_SEARCH_USER_PATHS = NO;
				CLANG_ANALYZER_NONNULL = YES;
				CLANG_ANALYZER_NUMBER_OBJECT_CONVERSION = YES_AGGRESSIVE;
				CLANG_CXX_LANGUAGE_STANDARD = "gnu++14";
				CLANG_CXX_LIBRARY = "libc++";
				CLANG_ENABLE_MODULES = YES;
				CLANG_ENABLE_OBJC_ARC = YES;
				CLANG_ENABLE_OBJC_WEAK = YES;
				CLANG_WARN_BLOCK_CAPTURE_AUTORELEASING = YES;
				CLANG_WARN_BOOL_CONVERSION = YES;
				CLANG_WARN_COMMA = YES;
				CLANG_WARN_CONSTANT_CONVERSION = YES;
				CLANG_WARN_DEPRECATED_OBJC_IMPLEMENTATIONS = YES;
				CLANG_WARN_DIRECT_OBJC_ISA_USAGE = YES_ERROR;
				CLANG_WARN_DOCUMENTATION_COMMENTS = YES;
				CLANG_WARN_EMPTY_BODY = YES;
				CLANG_WARN_ENUM_CONVERSION = YES;
				CLANG_WARN_INFINITE_RECURSION = YES;
				CLANG_WARN_INT_CONVERSION = YES;
				CLANG_WARN_NON_LITERAL_NULL_CONVERSION = YES;
				CLANG_WARN_OBJC_IMPLICIT_RETAIN_SELF = YES;
				CLANG_WARN_OBJC_LITERAL_CONVERSION = YES;
				CLANG_WARN_OBJC_ROOT_CLASS = YES_ERROR;
				CLANG_WARN_QUOTED_INCLUDE_IN_FRAMEWORK_HEADER = YES;
				CLANG_WARN_RANGE_LOOP_ANALYSIS = YES;
				CLANG_WARN_STRICT_PROTOTYPES = YES;
				CLANG_WARN_SUSPICIOUS_MOVE = YES;
				CLANG_WARN_UNGUARDED_AVAILABILITY = YES_AGGRESSIVE;
				CLANG_WARN_UNREACHABLE_CODE = YES;
				CLANG_WARN__DUPLICATE_METHOD_MATCH = YES;
				COPY_PHASE_STRIP = NO;
				DEBUG_INFORMATION_FORMAT = dwarf;
				ENABLE_STRICT_OBJC_MSGSEND = YES;
				ENABLE_TESTABILITY = YES;
				GCC_C_LANGUAGE_STANDARD = gnu11;
				GCC_DYNAMIC_NO_PIC = NO;
				GCC_NO_COMMON_BLOCKS = YES;
				GCC_OPTIMIZATION_LEVEL = 0;
				GCC_PREPROCESSOR_DEFINITIONS = (
					"DEBUG=1",
					"$(inherited)",
				);
				GCC_WARN_64_TO_32_BIT_CONVERSION = YES;
				GCC_WARN_ABOUT_RETURN_TYPE = YES_ERROR;
				GCC_WARN_UNDECLARED_SELECTOR = YES;
				GCC_WARN_UNINITIALIZED_AUTOS = YES_AGGRESSIVE;
				GCC_WARN_UNUSED_FUNCTION = YES;
				GCC_WARN_UNUSED_VARIABLE = YES;
				IPHONEOS_DEPLOYMENT_TARGET = 14.5;
				MTL_ENABLE_DEBUG_INFO = INCLUDE_SOURCE;
				MTL_FAST_MATH = YES;
				ONLY_ACTIVE_ARCH = YES;
				SDKROOT = iphoneos;
				SWIFT_ACTIVE_COMPILATION_CONDITIONS = DEBUG;
				SWIFT_OPTIMIZATION_LEVEL = "-Onone";
			};
			name = Debug;
		};
		8899E6F8266FBFB200CF0765 /* Release */ = {
			isa = XCBuildConfiguration;
			buildSettings = {
				ALWAYS_SEARCH_USER_PATHS = NO;
				CLANG_ANALYZER_NONNULL = YES;
				CLANG_ANALYZER_NUMBER_OBJECT_CONVERSION = YES_AGGRESSIVE;
				CLANG_CXX_LANGUAGE_STANDARD = "gnu++14";
				CLANG_CXX_LIBRARY = "libc++";
				CLANG_ENABLE_MODULES = YES;
				CLANG_ENABLE_OBJC_ARC = YES;
				CLANG_ENABLE_OBJC_WEAK = YES;
				CLANG_WARN_BLOCK_CAPTURE_AUTORELEASING = YES;
				CLANG_WARN_BOOL_CONVERSION = YES;
				CLANG_WARN_COMMA = YES;
				CLANG_WARN_CONSTANT_CONVERSION = YES;
				CLANG_WARN_DEPRECATED_OBJC_IMPLEMENTATIONS = YES;
				CLANG_WARN_DIRECT_OBJC_ISA_USAGE = YES_ERROR;
				CLANG_WARN_DOCUMENTATION_COMMENTS = YES;
				CLANG_WARN_EMPTY_BODY = YES;
				CLANG_WARN_ENUM_CONVERSION = YES;
				CLANG_WARN_INFINITE_RECURSION = YES;
				CLANG_WARN_INT_CONVERSION = YES;
				CLANG_WARN_NON_LITERAL_NULL_CONVERSION = YES;
				CLANG_WARN_OBJC_IMPLICIT_RETAIN_SELF = YES;
				CLANG_WARN_OBJC_LITERAL_CONVERSION = YES;
				CLANG_WARN_OBJC_ROOT_CLASS = YES_ERROR;
				CLANG_WARN_QUOTED_INCLUDE_IN_FRAMEWORK_HEADER = YES;
				CLANG_WARN_RANGE_LOOP_ANALYSIS = YES;
				CLANG_WARN_STRICT_PROTOTYPES = YES;
				CLANG_WARN_SUSPICIOUS_MOVE = YES;
				CLANG_WARN_UNGUARDED_AVAILABILITY = YES_AGGRESSIVE;
				CLANG_WARN_UNREACHABLE_CODE = YES;
				CLANG_WARN__DUPLICATE_METHOD_MATCH = YES;
				COPY_PHASE_STRIP = NO;
				DEBUG_INFORMATION_FORMAT = "dwarf-with-dsym";
				ENABLE_NS_ASSERTIONS = NO;
				ENABLE_STRICT_OBJC_MSGSEND = YES;
				GCC_C_LANGUAGE_STANDARD = gnu11;
				GCC_NO_COMMON_BLOCKS = YES;
				GCC_WARN_64_TO_32_BIT_CONVERSION = YES;
				GCC_WARN_ABOUT_RETURN_TYPE = YES_ERROR;
				GCC_WARN_UNDECLARED_SELECTOR = YES;
				GCC_WARN_UNINITIALIZED_AUTOS = YES_AGGRESSIVE;
				GCC_WARN_UNUSED_FUNCTION = YES;
				GCC_WARN_UNUSED_VARIABLE = YES;
				IPHONEOS_DEPLOYMENT_TARGET = 14.5;
				MTL_ENABLE_DEBUG_INFO = NO;
				MTL_FAST_MATH = YES;
				SDKROOT = iphoneos;
				SWIFT_COMPILATION_MODE = wholemodule;
				SWIFT_OPTIMIZATION_LEVEL = "-O";
				VALIDATE_PRODUCT = YES;
			};
			name = Release;
		};
		8899E6FA266FBFB200CF0765 /* Debug */ = {
			isa = XCBuildConfiguration;
			buildSettings = {
				ASSETCATALOG_COMPILER_APPICON_NAME = AppIcon;
				ASSETCATALOG_COMPILER_GLOBAL_ACCENT_COLOR_NAME = AccentColor;
				CODE_SIGN_STYLE = Automatic;
				DEVELOPMENT_TEAM = MMDTV8J5UC;
				INFOPLIST_FILE = WeatherApp/Info.plist;
				LD_RUNPATH_SEARCH_PATHS = (
					"$(inherited)",
					"@executable_path/Frameworks",
				);
				PRODUCT_BUNDLE_IDENTIFIER = com.intermediait.WeatherApp;
				PRODUCT_NAME = "$(TARGET_NAME)";
				SWIFT_VERSION = 5.0;
				TARGETED_DEVICE_FAMILY = "1,2";
			};
			name = Debug;
		};
		8899E6FB266FBFB200CF0765 /* Release */ = {
			isa = XCBuildConfiguration;
			buildSettings = {
				ASSETCATALOG_COMPILER_APPICON_NAME = AppIcon;
				ASSETCATALOG_COMPILER_GLOBAL_ACCENT_COLOR_NAME = AccentColor;
				CODE_SIGN_STYLE = Automatic;
				DEVELOPMENT_TEAM = MMDTV8J5UC;
				INFOPLIST_FILE = WeatherApp/Info.plist;
				LD_RUNPATH_SEARCH_PATHS = (
					"$(inherited)",
					"@executable_path/Frameworks",
				);
				PRODUCT_BUNDLE_IDENTIFIER = com.intermediait.WeatherApp;
				PRODUCT_NAME = "$(TARGET_NAME)";
				SWIFT_VERSION = 5.0;
				TARGETED_DEVICE_FAMILY = "1,2";
			};
			name = Release;
		};
/* End XCBuildConfiguration section */

/* Begin XCConfigurationList section */
		8899E6E0266FBFAD00CF0765 /* Build configuration list for PBXProject "WeatherApp" */ = {
			isa = XCConfigurationList;
			buildConfigurations = (
				8899E6F7266FBFB200CF0765 /* Debug */,
				8899E6F8266FBFB200CF0765 /* Release */,
			);
			defaultConfigurationIsVisible = 0;
			defaultConfigurationName = Release;
		};
		8899E6F9266FBFB200CF0765 /* Build configuration list for PBXNativeTarget "WeatherApp" */ = {
			isa = XCConfigurationList;
			buildConfigurations = (
				8899E6FA266FBFB200CF0765 /* Debug */,
				8899E6FB266FBFB200CF0765 /* Release */,
			);
			defaultConfigurationIsVisible = 0;
			defaultConfigurationName = Release;
		};
/* End XCConfigurationList section */
	};
	rootObject = 8899E6DD266FBFAD00CF0765 /* Project object */;
}
